
Microsoft Visual Studio Solution File, Format Version 12.00
# Visual Studio Version 17
VisualStudioVersion = 17.0.31903.59
MinimumVisualStudioVersion = 10.0.40219.1
Project("{9A19103F-16F7-4668-BE54-9A1E7A4F7556}") = "Apiv2", "Apiv2\Apiv2.csproj", "{3C937A90-07A8-499A-995E-3728E20B0FA2}"
EndProject
Project("{FAE04EC0-301F-11D3-BF4B-00C04F79EFBC}") = "TestCrypt", "TestCrypt\TestCrypt.csproj", "{E4D42416-A199-4E3C-8E8F-8FAAEB1E9BE7}"
EndProject
Global
	GlobalSection(SolutionConfigurationPlatforms) = preSolution
		Debug|Any CPU = Debug|Any CPU
		Release|Any CPU = Release|Any CPU
	EndGlobalSection
	GlobalSection(ProjectConfigurationPlatforms) = postSolution
		{3C937A90-07A8-499A-995E-3728E20B0FA2}.Debug|Any CPU.ActiveCfg = Debug|Any CPU
		{3C937A90-07A8-499A-995E-3728E20B0FA2}.Debug|Any CPU.Build.0 = Debug|Any CPU
		{3C937A90-07A8-499A-995E-3728E20B0FA2}.Release|Any CPU.ActiveCfg = Release|Any CPU
		{3C937A90-07A8-499A-995E-3728E20B0FA2}.Release|Any CPU.Build.0 = Release|Any CPU
		{E4D42416-A199-4E3C-8E8F-8FAAEB1E9BE7}.Debug|Any CPU.ActiveCfg = Debug|Any CPU
		{E4D42416-A199-4E3C-8E8F-8FAAEB1E9BE7}.Debug|Any CPU.Build.0 = Debug|Any CPU
		{E4D42416-A199-4E3C-8E8F-8FAAEB1E9BE7}.Release|Any CPU.ActiveCfg = Release|Any CPU
		{E4D42416-A199-4E3C-8E8F-8FAAEB1E9BE7}.Release|Any CPU.Build.0 = Release|Any CPU
	EndGlobalSection
	GlobalSection(SolutionProperties) = preSolution
		HideSolutionNode = FALSE
	EndGlobalSection
	GlobalSection(ExtensibilityGlobals) = postSolution
		SolutionGuid = {BE9B14F9-15F9-4DFA-94DD-11B79E3C3F44}
	EndGlobalSection
EndGlobal
